
Microsoft Visual Studio Solution File, Format Version 12.00
# Visual Studio Version 16
VisualStudioVersion = 16.0.30907.101
MinimumVisualStudioVersion = 10.0.40219.1
Project("{FAE04EC0-301F-11D3-BF4B-00C04F79EFBC}") = "XRMWebApi", "XRMApi\XRMWebApi.csproj", "{837B546E-0479-406B-8349-05EDCD288BBB}"
EndProject
Global
	GlobalSection(SolutionConfigurationPlatforms) = preSolution
		Debug|Any CPU = Debug|Any CPU
		Release|Any CPU = Release|Any CPU
	EndGlobalSection
	GlobalSection(ProjectConfigurationPlatforms) = postSolution
		{837B546E-0479-406B-8349-05EDCD288BBB}.Debug|Any CPU.ActiveCfg = Debug|Any CPU
		{837B546E-0479-406B-8349-05EDCD288BBB}.Debug|Any CPU.Build.0 = Debug|Any CPU
		{837B546E-0479-406B-8349-05EDCD288BBB}.Release|Any CPU.ActiveCfg = Release|Any CPU
		{837B546E-0479-406B-8349-05EDCD288BBB}.Release|Any CPU.Build.0 = Release|Any CPU
	EndGlobalSection
	GlobalSection(SolutionProperties) = preSolution
		HideSolutionNode = FALSE
	EndGlobalSection
	GlobalSection(ExtensibilityGlobals) = postSolution
		SolutionGuid = {4508EB4A-5E17-479E-966B-B5AFA247EFA6}
	EndGlobalSection
EndGlobal
